version = 1
revision = 3
requires-python = "==3.13.*"
resolution-markers = [
    "platform_machine == 'x86_64' and sys_platform == 'darwin'",
    "platform_machine != 'x86_64' and sys_platform == 'darwin'",
    "sys_platform == 'win32'",
    "sys_platform == 'emscripten'",
    "sys_platform != 'darwin' and sys_platform != 'emscripten' and sys_platform != 'win32'",
]

[[package]]
name = "khallaf-2026-bids"
version = "1.0.0"
source = { virtual = "." }
