version = 1
revision = 3
requires-python = ">=3.13"
resolution-markers = [
    "python_full_version >= '3.14' and platform_machine == 'x86_64' and sys_platform == 'darwin'",
    "python_full_version < '3.14' and platform_machine == 'x86_64' and sys_platform == 'darwin'",
    "python_full_version >= '3.14' and platform_machine != 'x86_64' and sys_platform == 'darwin'",
    "python_full_version < '3.14' and platform_machine != 'x86_64' and sys_platform == 'darwin'",
    "python_full_version >= '3.14' and platform_machine == 'ARM64' and sys_platform == 'win32'",
    "python_full_version >= '3.14' and platform_machine != 'ARM64' and sys_platform == 'win32'",
    "python_full_version >= '3.14' and sys_platform == 'emscripten'",
    "python_full_version >= '3.14' and sys_platform != 'darwin' and sys_platform != 'emscripten' and sys_platform != 'win32'",
    "python_full_version < '3.14' and platform_machine == 'ARM64' and sys_platform == 'win32'",
    "python_full_version < '3.14' and platform_machine != 'ARM64' and sys_platform == 'win32'",
    "python_full_version < '3.14' and sys_platform == 'emscripten'",
    "python_full_version < '3.14' and sys_platform != 'darwin' and sys_platform != 'emscripten' and sys_platform != 'win32'",
]

[[package]]
name = "landemard-2026-bids"
version = "1.0.0"
source = { virtual = "." }
